
Microsoft Visual Studio Solution File, Format Version 12.00
# Visual Studio 15
VisualStudioVersion = 15.0.27004.2006
MinimumVisualStudioVersion = 10.0.40219.1
Project("{FAE04EC0-301F-11D3-BF4B-00C04F79EFBC}") = "Interview", "Interview\Interview.csproj", "{D9E8DE5F-D15A-4C89-AC82-929ABEE6C4E6}"
EndProject
Project("{FAE04EC0-301F-11D3-BF4B-00C04F79EFBC}") = "Question1", "Question1\Question1.csproj", "{A8E49AE6-90E6-4DF5-97D7-DDAB98321F79}"
EndProject
Global
	GlobalSection(SolutionConfigurationPlatforms) = preSolution
		Debug|Any CPU = Debug|Any CPU
		Release|Any CPU = Release|Any CPU
	EndGlobalSection
	GlobalSection(ProjectConfigurationPlatforms) = postSolution
		{D9E8DE5F-D15A-4C89-AC82-929ABEE6C4E6}.Debug|Any CPU.ActiveCfg = Debug|Any CPU
		{D9E8DE5F-D15A-4C89-AC82-929ABEE6C4E6}.Debug|Any CPU.Build.0 = Debug|Any CPU
		{D9E8DE5F-D15A-4C89-AC82-929ABEE6C4E6}.Release|Any CPU.ActiveCfg = Release|Any CPU
		{D9E8DE5F-D15A-4C89-AC82-929ABEE6C4E6}.Release|Any CPU.Build.0 = Release|Any CPU
		{A8E49AE6-90E6-4DF5-97D7-DDAB98321F79}.Debug|Any CPU.ActiveCfg = Debug|Any CPU
		{A8E49AE6-90E6-4DF5-97D7-DDAB98321F79}.Debug|Any CPU.Build.0 = Debug|Any CPU
		{A8E49AE6-90E6-4DF5-97D7-DDAB98321F79}.Release|Any CPU.ActiveCfg = Release|Any CPU
		{A8E49AE6-90E6-4DF5-97D7-DDAB98321F79}.Release|Any CPU.Build.0 = Release|Any CPU
	EndGlobalSection
	GlobalSection(SolutionProperties) = preSolution
		HideSolutionNode = FALSE
	EndGlobalSection
	GlobalSection(ExtensibilityGlobals) = postSolution
		SolutionGuid = {077D93C1-51B3-45E2-8A61-C00A664B9479}
	EndGlobalSection
EndGlobal
