
Microsoft Visual Studio Solution File, Format Version 12.00
# Visual Studio 14
VisualStudioVersion = 14.0.25420.1
MinimumVisualStudioVersion = 10.0.40219.1
Project("{FAE04EC0-301F-11D3-BF4B-00C04F79EFBC}") = "Interview", "Interview\Interview.csproj", "{D9E8DE5F-D15A-4C89-AC82-929ABEE6C4E6}"
EndProject
Project("{FAE04EC0-301F-11D3-BF4B-00C04F79EFBC}") = "Question1", "Question1\Question1.csproj", "{A8E49AE6-90E6-4DF5-97D7-DDAB98321F79}"
EndProject
Project("{FAE04EC0-301F-11D3-BF4B-00C04F79EFBC}") = "Question2", "Question2\Question2.csproj", "{ED215444-E299-4E44-BB59-778511F3AF44}"
EndProject
Project("{FAE04EC0-301F-11D3-BF4B-00C04F79EFBC}") = "Question3", "Question3\Question3.csproj", "{DBF11883-76B1-485A-8106-278AB7767084}"
EndProject
Project("{FAE04EC0-301F-11D3-BF4B-00C04F79EFBC}") = "Question4", "Question4\Question4.csproj", "{93D58EB0-48D4-4101-9D5D-5E56C2233494}"
EndProject
Project("{FAE04EC0-301F-11D3-BF4B-00C04F79EFBC}") = "Question5", "Question5\Question5.csproj", "{6D8F9E72-8124-4BBC-A525-5AABD472B90B}"
EndProject
Project("{FAE04EC0-301F-11D3-BF4B-00C04F79EFBC}") = "Question6", "Question6\Question6.csproj", "{AEA097C2-503D-448D-BD19-C265DF9BA34B}"
EndProject
Project("{FAE04EC0-301F-11D3-BF4B-00C04F79EFBC}") = "Question7", "Question7\Question7.csproj", "{1CB03823-520B-48BD-B286-CAB99EB1A00C}"
EndProject
Project("{FAE04EC0-301F-11D3-BF4B-00C04F79EFBC}") = "Question8", "Question8\Question8.csproj", "{78D7F470-77FA-4152-8894-12A87DC0F45C}"
EndProject
Project("{FAE04EC0-301F-11D3-BF4B-00C04F79EFBC}") = "Question9", "Question9\Question9.csproj", "{6E76D0B4-6CCC-4F17-9742-D5B91E3B8F57}"
EndProject
Project("{FAE04EC0-301F-11D3-BF4B-00C04F79EFBC}") = "Question10", "Question10\Question10.csproj", "{9B374465-E5C5-4E77-9131-6225D83D6205}"
EndProject
Project("{FAE04EC0-301F-11D3-BF4B-00C04F79EFBC}") = "Question11", "Question11\Question11.csproj", "{0AD545BE-1963-4E39-8D36-E5CEB90EAF05}"
EndProject
Project("{FAE04EC0-301F-11D3-BF4B-00C04F79EFBC}") = "Question12", "Question12\Question12.csproj", "{E996DB79-7779-4AA5-85DD-5E34C3EB1672}"
EndProject
Project("{FAE04EC0-301F-11D3-BF4B-00C04F79EFBC}") = "Question13", "Question13\Question13.csproj", "{9DE75B67-2688-41A3-9B44-C174CF4A44D8}"
EndProject
Project("{FAE04EC0-301F-11D3-BF4B-00C04F79EFBC}") = "Question14", "Question14\Question14.csproj", "{388D45A3-E113-40B5-8D40-8058DAF87ABE}"
EndProject
Project("{FAE04EC0-301F-11D3-BF4B-00C04F79EFBC}") = "Question15", "Question15\Question15.csproj", "{445CD6A6-1F05-45BA-AD96-01126B012325}"
EndProject
Project("{FAE04EC0-301F-11D3-BF4B-00C04F79EFBC}") = "LinqSamples", "LinqSamples\LinqSamples.csproj", "{E94FEA49-8D11-46A2-9319-A0F69D8D6CBE}"
EndProject
Global
	GlobalSection(SolutionConfigurationPlatforms) = preSolution
		Debug|Any CPU = Debug|Any CPU
		Release|Any CPU = Release|Any CPU
	EndGlobalSection
	GlobalSection(ProjectConfigurationPlatforms) = postSolution
		{D9E8DE5F-D15A-4C89-AC82-929ABEE6C4E6}.Debug|Any CPU.ActiveCfg = Debug|Any CPU
		{D9E8DE5F-D15A-4C89-AC82-929ABEE6C4E6}.Debug|Any CPU.Build.0 = Debug|Any CPU
		{D9E8DE5F-D15A-4C89-AC82-929ABEE6C4E6}.Release|Any CPU.ActiveCfg = Release|Any CPU
		{D9E8DE5F-D15A-4C89-AC82-929ABEE6C4E6}.Release|Any CPU.Build.0 = Release|Any CPU
		{A8E49AE6-90E6-4DF5-97D7-DDAB98321F79}.Debug|Any CPU.ActiveCfg = Debug|Any CPU
		{A8E49AE6-90E6-4DF5-97D7-DDAB98321F79}.Debug|Any CPU.Build.0 = Debug|Any CPU
		{A8E49AE6-90E6-4DF5-97D7-DDAB98321F79}.Release|Any CPU.ActiveCfg = Release|Any CPU
		{A8E49AE6-90E6-4DF5-97D7-DDAB98321F79}.Release|Any CPU.Build.0 = Release|Any CPU
		{ED215444-E299-4E44-BB59-778511F3AF44}.Debug|Any CPU.ActiveCfg = Debug|Any CPU
		{ED215444-E299-4E44-BB59-778511F3AF44}.Debug|Any CPU.Build.0 = Debug|Any CPU
		{ED215444-E299-4E44-BB59-778511F3AF44}.Release|Any CPU.ActiveCfg = Release|Any CPU
		{ED215444-E299-4E44-BB59-778511F3AF44}.Release|Any CPU.Build.0 = Release|Any CPU
		{DBF11883-76B1-485A-8106-278AB7767084}.Debug|Any CPU.ActiveCfg = Debug|Any CPU
		{DBF11883-76B1-485A-8106-278AB7767084}.Debug|Any CPU.Build.0 = Debug|Any CPU
		{DBF11883-76B1-485A-8106-278AB7767084}.Release|Any CPU.ActiveCfg = Release|Any CPU
		{DBF11883-76B1-485A-8106-278AB7767084}.Release|Any CPU.Build.0 = Release|Any CPU
		{93D58EB0-48D4-4101-9D5D-5E56C2233494}.Debug|Any CPU.ActiveCfg = Debug|Any CPU
		{93D58EB0-48D4-4101-9D5D-5E56C2233494}.Debug|Any CPU.Build.0 = Debug|Any CPU
		{93D58EB0-48D4-4101-9D5D-5E56C2233494}.Release|Any CPU.ActiveCfg = Release|Any CPU
		{93D58EB0-48D4-4101-9D5D-5E56C2233494}.Release|Any CPU.Build.0 = Release|Any CPU
		{6D8F9E72-8124-4BBC-A525-5AABD472B90B}.Debug|Any CPU.ActiveCfg = Debug|Any CPU
		{6D8F9E72-8124-4BBC-A525-5AABD472B90B}.Debug|Any CPU.Build.0 = Debug|Any CPU
		{6D8F9E72-8124-4BBC-A525-5AABD472B90B}.Release|Any CPU.ActiveCfg = Release|Any CPU
		{6D8F9E72-8124-4BBC-A525-5AABD472B90B}.Release|Any CPU.Build.0 = Release|Any CPU
		{AEA097C2-503D-448D-BD19-C265DF9BA34B}.Debug|Any CPU.ActiveCfg = Debug|Any CPU
		{AEA097C2-503D-448D-BD19-C265DF9BA34B}.Debug|Any CPU.Build.0 = Debug|Any CPU
		{AEA097C2-503D-448D-BD19-C265DF9BA34B}.Release|Any CPU.ActiveCfg = Release|Any CPU
		{AEA097C2-503D-448D-BD19-C265DF9BA34B}.Release|Any CPU.Build.0 = Release|Any CPU
		{1CB03823-520B-48BD-B286-CAB99EB1A00C}.Debug|Any CPU.ActiveCfg = Debug|Any CPU
		{1CB03823-520B-48BD-B286-CAB99EB1A00C}.Debug|Any CPU.Build.0 = Debug|Any CPU
		{1CB03823-520B-48BD-B286-CAB99EB1A00C}.Release|Any CPU.ActiveCfg = Release|Any CPU
		{1CB03823-520B-48BD-B286-CAB99EB1A00C}.Release|Any CPU.Build.0 = Release|Any CPU
		{78D7F470-77FA-4152-8894-12A87DC0F45C}.Debug|Any CPU.ActiveCfg = Debug|Any CPU
		{78D7F470-77FA-4152-8894-12A87DC0F45C}.Debug|Any CPU.Build.0 = Debug|Any CPU
		{78D7F470-77FA-4152-8894-12A87DC0F45C}.Release|Any CPU.ActiveCfg = Release|Any CPU
		{78D7F470-77FA-4152-8894-12A87DC0F45C}.Release|Any CPU.Build.0 = Release|Any CPU
		{6E76D0B4-6CCC-4F17-9742-D5B91E3B8F57}.Debug|Any CPU.ActiveCfg = Debug|Any CPU
		{6E76D0B4-6CCC-4F17-9742-D5B91E3B8F57}.Debug|Any CPU.Build.0 = Debug|Any CPU
		{6E76D0B4-6CCC-4F17-9742-D5B91E3B8F57}.Release|Any CPU.ActiveCfg = Release|Any CPU
		{6E76D0B4-6CCC-4F17-9742-D5B91E3B8F57}.Release|Any CPU.Build.0 = Release|Any CPU
		{9B374465-E5C5-4E77-9131-6225D83D6205}.Debug|Any CPU.ActiveCfg = Debug|Any CPU
		{9B374465-E5C5-4E77-9131-6225D83D6205}.Debug|Any CPU.Build.0 = Debug|Any CPU
		{9B374465-E5C5-4E77-9131-6225D83D6205}.Release|Any CPU.ActiveCfg = Release|Any CPU
		{9B374465-E5C5-4E77-9131-6225D83D6205}.Release|Any CPU.Build.0 = Release|Any CPU
		{0AD545BE-1963-4E39-8D36-E5CEB90EAF05}.Debug|Any CPU.ActiveCfg = Debug|Any CPU
		{0AD545BE-1963-4E39-8D36-E5CEB90EAF05}.Debug|Any CPU.Build.0 = Debug|Any CPU
		{0AD545BE-1963-4E39-8D36-E5CEB90EAF05}.Release|Any CPU.ActiveCfg = Release|Any CPU
		{0AD545BE-1963-4E39-8D36-E5CEB90EAF05}.Release|Any CPU.Build.0 = Release|Any CPU
		{E996DB79-7779-4AA5-85DD-5E34C3EB1672}.Debug|Any CPU.ActiveCfg = Debug|Any CPU
		{E996DB79-7779-4AA5-85DD-5E34C3EB1672}.Debug|Any CPU.Build.0 = Debug|Any CPU
		{E996DB79-7779-4AA5-85DD-5E34C3EB1672}.Release|Any CPU.ActiveCfg = Release|Any CPU
		{E996DB79-7779-4AA5-85DD-5E34C3EB1672}.Release|Any CPU.Build.0 = Release|Any CPU
		{9DE75B67-2688-41A3-9B44-C174CF4A44D8}.Debug|Any CPU.ActiveCfg = Debug|Any CPU
		{9DE75B67-2688-41A3-9B44-C174CF4A44D8}.Debug|Any CPU.Build.0 = Debug|Any CPU
		{9DE75B67-2688-41A3-9B44-C174CF4A44D8}.Release|Any CPU.ActiveCfg = Release|Any CPU
		{9DE75B67-2688-41A3-9B44-C174CF4A44D8}.Release|Any CPU.Build.0 = Release|Any CPU
		{388D45A3-E113-40B5-8D40-8058DAF87ABE}.Debug|Any CPU.ActiveCfg = Debug|Any CPU
		{388D45A3-E113-40B5-8D40-8058DAF87ABE}.Debug|Any CPU.Build.0 = Debug|Any CPU
		{388D45A3-E113-40B5-8D40-8058DAF87ABE}.Release|Any CPU.ActiveCfg = Release|Any CPU
		{388D45A3-E113-40B5-8D40-8058DAF87ABE}.Release|Any CPU.Build.0 = Release|Any CPU
		{445CD6A6-1F05-45BA-AD96-01126B012325}.Debug|Any CPU.ActiveCfg = Debug|Any CPU
		{445CD6A6-1F05-45BA-AD96-01126B012325}.Debug|Any CPU.Build.0 = Debug|Any CPU
		{445CD6A6-1F05-45BA-AD96-01126B012325}.Release|Any CPU.ActiveCfg = Release|Any CPU
		{445CD6A6-1F05-45BA-AD96-01126B012325}.Release|Any CPU.Build.0 = Release|Any CPU
		{E94FEA49-8D11-46A2-9319-A0F69D8D6CBE}.Debug|Any CPU.ActiveCfg = Debug|Any CPU
		{E94FEA49-8D11-46A2-9319-A0F69D8D6CBE}.Debug|Any CPU.Build.0 = Debug|Any CPU
		{E94FEA49-8D11-46A2-9319-A0F69D8D6CBE}.Release|Any CPU.ActiveCfg = Release|Any CPU
		{E94FEA49-8D11-46A2-9319-A0F69D8D6CBE}.Release|Any CPU.Build.0 = Release|Any CPU
	EndGlobalSection
	GlobalSection(SolutionProperties) = preSolution
		HideSolutionNode = FALSE
	EndGlobalSection
	GlobalSection(ExtensibilityGlobals) = postSolution
		SolutionGuid = {077D93C1-51B3-45E2-8A61-C00A664B9479}
	EndGlobalSection
EndGlobal
